
Microsoft Visual Studio Solution File, Format Version 12.00
# Visual Studio Version 17
VisualStudioVersion = 17.10.35027.167
MinimumVisualStudioVersion = 10.0.40219.1
Project("{FAE04EC0-301F-11D3-BF4B-00C04F79EFBC}") = "App.WebApi", "App.WebApi\App.WebApi.csproj", "{675A1797-240B-40ED-8325-672C5765583A}"
EndProject
Global
	GlobalSection(SolutionConfigurationPlatforms) = preSolution
		Debug|Any CPU = Debug|Any CPU
		Release|Any CPU = Release|Any CPU
	EndGlobalSection
	GlobalSection(ProjectConfigurationPlatforms) = postSolution
		{675A1797-240B-40ED-8325-672C5765583A}.Debug|Any CPU.ActiveCfg = Debug|Any CPU
		{675A1797-240B-40ED-8325-672C5765583A}.Debug|Any CPU.Build.0 = Debug|Any CPU
		{675A1797-240B-40ED-8325-672C5765583A}.Release|Any CPU.ActiveCfg = Release|Any CPU
		{675A1797-240B-40ED-8325-672C5765583A}.Release|Any CPU.Build.0 = Release|Any CPU
	EndGlobalSection
	GlobalSection(SolutionProperties) = preSolution
		HideSolutionNode = FALSE
	EndGlobalSection
	GlobalSection(ExtensibilityGlobals) = postSolution
		SolutionGuid = {F0C478BD-24F2-4C40-B1FE-DEC1C05A38A6}
	EndGlobalSection
EndGlobal
